
Microsoft Visual Studio Solution File, Format Version 12.00
# Visual Studio Version 17
VisualStudioVersion = 17.10.35122.118
MinimumVisualStudioVersion = 10.0.40219.1
Project("{FAE04EC0-301F-11D3-BF4B-00C04F79EFBC}") = "WebProject_C#", "WebProject_C#.csproj", "{0ABDA873-9677-4AD8-A55E-ED68A14AE98A}"
EndProject
Global
	GlobalSection(SolutionConfigurationPlatforms) = preSolution
		Debug|Any CPU = Debug|Any CPU
		Release|Any CPU = Release|Any CPU
	EndGlobalSection
	GlobalSection(ProjectConfigurationPlatforms) = postSolution
		{0ABDA873-9677-4AD8-A55E-ED68A14AE98A}.Debug|Any CPU.ActiveCfg = Debug|Any CPU
		{0ABDA873-9677-4AD8-A55E-ED68A14AE98A}.Debug|Any CPU.Build.0 = Debug|Any CPU
		{0ABDA873-9677-4AD8-A55E-ED68A14AE98A}.Release|Any CPU.ActiveCfg = Release|Any CPU
		{0ABDA873-9677-4AD8-A55E-ED68A14AE98A}.Release|Any CPU.Build.0 = Release|Any CPU
	EndGlobalSection
	GlobalSection(SolutionProperties) = preSolution
		HideSolutionNode = FALSE
	EndGlobalSection
	GlobalSection(ExtensibilityGlobals) = postSolution
		SolutionGuid = {553660EC-E683-4478-97FA-296301090179}
	EndGlobalSection
EndGlobal
